
Microsoft Visual Studio Solution File, Format Version 12.00
# Visual Studio Version 17
VisualStudioVersion = 17.0.32112.339
MinimumVisualStudioVersion = 10.0.40219.1
Project("{9A19103F-16F7-4668-BE54-9A1E7A4F7556}") = "Gateway", "Gateway\Gateway.csproj", "{781E443C-6998-48D2-9880-9D5D7861E612}"
EndProject
Project("{9A19103F-16F7-4668-BE54-9A1E7A4F7556}") = "AccountsService", "AccountsService\AccountsService.csproj", "{3147E8CE-284F-4885-B6CB-0730ED8ABEE8}"
EndProject
Project("{9A19103F-16F7-4668-BE54-9A1E7A4F7556}") = "AccountsServiceTests", "AccountsServiceTests\AccountsServiceTests.csproj", "{5EC2B0D1-CCD3-4966-AD57-8C83C7EE5CE2}"
EndProject
Project("{FAE04EC0-301F-11D3-BF4B-00C04F79EFBC}") = "Common", "Common\Common.csproj", "{E26370A4-D021-4C57-A4EC-C3C5BE44E109}"
EndProject
Project("{FAE04EC0-301F-11D3-BF4B-00C04F79EFBC}") = "LogsViewerService", "LogsViewerService\LogsViewerService.csproj", "{72CF0D64-44BB-4566-82B8-4EE2E6D7A023}"
EndProject
Global
	GlobalSection(SolutionConfigurationPlatforms) = preSolution
		Debug|Any CPU = Debug|Any CPU
		Release|Any CPU = Release|Any CPU
	EndGlobalSection
	GlobalSection(ProjectConfigurationPlatforms) = postSolution
		{781E443C-6998-48D2-9880-9D5D7861E612}.Debug|Any CPU.ActiveCfg = Debug|Any CPU
		{781E443C-6998-48D2-9880-9D5D7861E612}.Debug|Any CPU.Build.0 = Debug|Any CPU
		{781E443C-6998-48D2-9880-9D5D7861E612}.Release|Any CPU.ActiveCfg = Release|Any CPU
		{781E443C-6998-48D2-9880-9D5D7861E612}.Release|Any CPU.Build.0 = Release|Any CPU
		{3147E8CE-284F-4885-B6CB-0730ED8ABEE8}.Debug|Any CPU.ActiveCfg = Debug|Any CPU
		{3147E8CE-284F-4885-B6CB-0730ED8ABEE8}.Debug|Any CPU.Build.0 = Debug|Any CPU
		{3147E8CE-284F-4885-B6CB-0730ED8ABEE8}.Release|Any CPU.ActiveCfg = Release|Any CPU
		{3147E8CE-284F-4885-B6CB-0730ED8ABEE8}.Release|Any CPU.Build.0 = Release|Any CPU
		{5EC2B0D1-CCD3-4966-AD57-8C83C7EE5CE2}.Debug|Any CPU.ActiveCfg = Debug|Any CPU
		{5EC2B0D1-CCD3-4966-AD57-8C83C7EE5CE2}.Debug|Any CPU.Build.0 = Debug|Any CPU
		{5EC2B0D1-CCD3-4966-AD57-8C83C7EE5CE2}.Release|Any CPU.ActiveCfg = Release|Any CPU
		{5EC2B0D1-CCD3-4966-AD57-8C83C7EE5CE2}.Release|Any CPU.Build.0 = Release|Any CPU
		{E26370A4-D021-4C57-A4EC-C3C5BE44E109}.Debug|Any CPU.ActiveCfg = Debug|Any CPU
		{E26370A4-D021-4C57-A4EC-C3C5BE44E109}.Debug|Any CPU.Build.0 = Debug|Any CPU
		{E26370A4-D021-4C57-A4EC-C3C5BE44E109}.Release|Any CPU.ActiveCfg = Release|Any CPU
		{E26370A4-D021-4C57-A4EC-C3C5BE44E109}.Release|Any CPU.Build.0 = Release|Any CPU
		{72CF0D64-44BB-4566-82B8-4EE2E6D7A023}.Debug|Any CPU.ActiveCfg = Debug|Any CPU
		{72CF0D64-44BB-4566-82B8-4EE2E6D7A023}.Debug|Any CPU.Build.0 = Debug|Any CPU
		{72CF0D64-44BB-4566-82B8-4EE2E6D7A023}.Release|Any CPU.ActiveCfg = Release|Any CPU
		{72CF0D64-44BB-4566-82B8-4EE2E6D7A023}.Release|Any CPU.Build.0 = Release|Any CPU
	EndGlobalSection
	GlobalSection(SolutionProperties) = preSolution
		HideSolutionNode = FALSE
	EndGlobalSection
	GlobalSection(ExtensibilityGlobals) = postSolution
		SolutionGuid = {624BFE38-7EF0-42F2-B0F1-113384F177CA}
	EndGlobalSection
EndGlobal
